# This file is automatically @generated by Poetry 1.7.1 and should not be changed by hand.

[[package]]
name = "chardet"
version = "5.2.0"
description = "Universal encoding detector for Python 3"
optional = false
python-versions = ">=3.7"
files = [
    {file = "chardet-5.2.0-py3-none-any.whl", hash = "sha256:e1cf59446890a00105fe7b7912492ea04b6e6f06d4b742b2c788469e34c82970"},
    {file = "chardet-5.2.0.tar.gz", hash = "sha256:1b3b6ff479a8c414bc3fa2c0852995695c4a026dcd6d0633b2dd092ca39c1cf7"},
]

[[package]]
name = "pyaudio"
version = "0.2.14"
description = "Cross-platform audio I/O with PortAudio"
optional = false
python-versions = "*"
files = [
    {file = "PyAudio-0.2.14-cp310-cp310-win32.whl", hash = "sha256:126065b5e82a1c03ba16e7c0404d8f54e17368836e7d2d92427358ad44fefe61"},
    {file = "PyAudio-0.2.14-cp310-cp310-win_amd64.whl", hash = "sha256:2a166fc88d435a2779810dd2678354adc33499e9d4d7f937f28b20cc55893e83"},
    {file = "PyAudio-0.2.14-cp311-cp311-win32.whl", hash = "sha256:506b32a595f8693811682ab4b127602d404df7dfc453b499c91a80d0f7bad289"},
    {file = "PyAudio-0.2.14-cp311-cp311-win_amd64.whl", hash = "sha256:bbeb01d36a2f472ae5ee5e1451cacc42112986abe622f735bb870a5db77cf903"},
    {file = "PyAudio-0.2.14-cp312-cp312-win32.whl", hash = "sha256:5fce4bcdd2e0e8c063d835dbe2860dac46437506af509353c7f8114d4bacbd5b"},
    {file = "PyAudio-0.2.14-cp312-cp312-win_amd64.whl", hash = "sha256:12f2f1ba04e06ff95d80700a78967897a489c05e093e3bffa05a84ed9c0a7fa3"},
    {file = "PyAudio-0.2.14-cp38-cp38-win32.whl", hash = "sha256:858caf35b05c26d8fc62f1efa2e8f53d5fa1a01164842bd622f70ddc41f55000"},
    {file = "PyAudio-0.2.14-cp38-cp38-win_amd64.whl", hash = "sha256:2dac0d6d675fe7e181ba88f2de88d321059b69abd52e3f4934a8878e03a7a074"},
    {file = "PyAudio-0.2.14-cp39-cp39-win32.whl", hash = "sha256:f745109634a7c19fa4d6b8b7d6967c3123d988c9ade0cd35d4295ee1acdb53e9"},
    {file = "PyAudio-0.2.14-cp39-cp39-win_amd64.whl", hash = "sha256:009f357ee5aa6bc8eb19d69921cd30e98c42cddd34210615d592a71d09c4bd57"},
    {file = "PyAudio-0.2.14.tar.gz", hash = "sha256:78dfff3879b4994d1f4fc6485646a57755c6ee3c19647a491f790a0895bd2f87"},
]

[package.extras]
test = ["numpy"]

[[package]]
name = "pywave"
version = "0.5.0"
description = "Open, read and write Wave files"
optional = false
python-versions = "*"
files = [
    {file = "PyWave-0.5.0-py2.py3-none-any.whl", hash = "sha256:d31bb468ff0501f0dacbe30c0d4c32aaf86d1421de2d5f08b50d428fca2bea48"},
    {file = "PyWave-0.5.0.tar.gz", hash = "sha256:f1592fd71be7e94a4da00f0254f346e8e867893d38c15ae1fdf1872eaf61c615"},
]

[metadata]
lock-version = "2.0"
python-versions = "^3.11"
content-hash = "776f2495b60f050d5861b05caa89cc6fd105e3b5d5b046bb2f64adb6180796f6"
